
Microsoft Visual Studio Solution File, Format Version 12.00
# Visual Studio Version 17
VisualStudioVersion = 17.11.35327.3
MinimumVisualStudioVersion = 10.0.40219.1
Project("{FAE04EC0-301F-11D3-BF4B-00C04F79EFBC}") = "Iwanov Egor Pract 1", "Iwanov Egor Pract 1.csproj", "{A5DC49BB-B890-49E9-9F2B-D46137C4598A}"
EndProject
Global
	GlobalSection(SolutionConfigurationPlatforms) = preSolution
		Debug|Any CPU = Debug|Any CPU
		Release|Any CPU = Release|Any CPU
	EndGlobalSection
	GlobalSection(ProjectConfigurationPlatforms) = postSolution
		{A5DC49BB-B890-49E9-9F2B-D46137C4598A}.Debug|Any CPU.ActiveCfg = Debug|Any CPU
		{A5DC49BB-B890-49E9-9F2B-D46137C4598A}.Debug|Any CPU.Build.0 = Debug|Any CPU
		{A5DC49BB-B890-49E9-9F2B-D46137C4598A}.Release|Any CPU.ActiveCfg = Release|Any CPU
		{A5DC49BB-B890-49E9-9F2B-D46137C4598A}.Release|Any CPU.Build.0 = Release|Any CPU
	EndGlobalSection
	GlobalSection(SolutionProperties) = preSolution
		HideSolutionNode = FALSE
	EndGlobalSection
	GlobalSection(ExtensibilityGlobals) = postSolution
		SolutionGuid = {67355E43-DEE6-4910-9701-410F07E37340}
	EndGlobalSection
EndGlobal
